# This file is automatically @generated by Cargo.
# It is not intended for manual editing.
version = 4

[[package]]
name = "iced-x86"
version = "1.21.0"
source = "registry+https://github.com/rust-lang/crates.io-index"
checksum = "7c447cff8c7f384a7d4f741cfcff32f75f3ad02b406432e8d6c878d56b1edf6b"
dependencies = [
 "lazy_static",
]

[[package]]
name = "lazy_static"
version = "1.5.0"
source = "registry+https://github.com/rust-lang/crates.io-index"
checksum = "bbd2bcb4c963f2ddae06a2efc7e9f3591312473c50c6685e1f298068316e66fe"

[[package]]
name = "mcr-cli"
version = "0.1.0"

[[package]]
name = "mcr-elf"
version = "0.1.0"
dependencies = [
 "mcr-testkit",
]

[[package]]
name = "mcr-jit"
version = "0.1.0"
dependencies = [
 "iced-x86",
 "mcr-sys",
]

[[package]]
name = "mcr-net"
version = "0.1.0"

[[package]]
name = "mcr-runtime"
version = "0.1.0"
dependencies = [
 "mcr-elf",
 "mcr-jit",
 "mcr-sys",
 "mcr-task",
 "mcr-testkit",
 "mcr-vfs",
 "mcr-win",
]

[[package]]
name = "mcr-sys"
version = "0.1.0"

[[package]]
name = "mcr-task"
version = "0.1.0"
dependencies = [
 "mcr-elf",
 "mcr-sys",
 "mcr-testkit",
]

[[package]]
name = "mcr-testkit"
version = "0.1.0"

[[package]]
name = "mcr-vfs"
version = "0.1.0"

[[package]]
name = "mcr-win"
version = "0.1.0"
