# This file is automatically @generated by Cargo.
# It is not intended for manual editing.
version = 4

[[package]]
name = "mcr-cli"
version = "0.1.0"

[[package]]
name = "mcr-elf"
version = "0.1.0"
dependencies = [
 "mcr-testkit",
]

[[package]]
name = "mcr-jit"
version = "0.1.0"

[[package]]
name = "mcr-net"
version = "0.1.0"

[[package]]
name = "mcr-runtime"
version = "0.1.0"

[[package]]
name = "mcr-sys"
version = "0.1.0"

[[package]]
name = "mcr-task"
version = "0.1.0"

[[package]]
name = "mcr-testkit"
version = "0.1.0"

[[package]]
name = "mcr-vfs"
version = "0.1.0"

[[package]]
name = "mcr-win"
version = "0.1.0"
